// !$*UTF8*$!
{
	archiveVersion = 1;
	classes = {
	};
	objectVersion = 56;
	objects = {

/* Begin PBXBuildFile section */
		7006EF7C2BDF3C0900AF8681 /* RomSpec.swift in Sources */ = {isa = PBXBuildFile; fileRef = 7006EF7B2BDF3C0900AF8681 /* RomSpec.swift */; };
		E40749DE2BDB3EFA006DF2EB /* ImageView.swift in Sources */ = {isa = PBXBuildFile; fileRef = E40749DD2BDB3EFA006DF2EB /* ImageView.swift */; };
		E42A9E832BD9ED8100858AFC /* jNESApp.swift in Sources */ = {isa = PBXBuildFile; fileRef = E42A9E822BD9ED8100858AFC /* jNESApp.swift */; };
		E42A9E872BD9ED8200858AFC /* Assets.xcassets in Resources */ = {isa = PBXBuildFile; fileRef = E42A9E862BD9ED8200858AFC /* Assets.xcassets */; };
		E42A9E8A2BD9ED8200858AFC /* Preview Assets.xcassets in Resources */ = {isa = PBXBuildFile; fileRef = E42A9E892BD9ED8200858AFC /* Preview Assets.xcassets */; };
		E42A9EB42BD9EDB100858AFC /* NES.swift in Sources */ = {isa = PBXBuildFile; fileRef = E42A9EAD2BD9EDB100858AFC /* NES.swift */; };
		E42A9EB52BD9EDB100858AFC /* Controller.swift in Sources */ = {isa = PBXBuildFile; fileRef = E42A9EAE2BD9EDB100858AFC /* Controller.swift */; };
		E42A9EB62BD9EDB100858AFC /* Bus.swift in Sources */ = {isa = PBXBuildFile; fileRef = E42A9EAF2BD9EDB100858AFC /* Bus.swift */; };
		E42A9EB72BD9EDB100858AFC /* InstructionsTable.swift in Sources */ = {isa = PBXBuildFile; fileRef = E42A9EB02BD9EDB100858AFC /* InstructionsTable.swift */; };
		E42A9EB82BD9EDB100858AFC /* Registers.swift in Sources */ = {isa = PBXBuildFile; fileRef = E42A9EB12BD9EDB100858AFC /* Registers.swift */; };
		E42A9EB92BD9EDB100858AFC /* CPU.swift in Sources */ = {isa = PBXBuildFile; fileRef = E42A9EB22BD9EDB100858AFC /* CPU.swift */; };
		E42A9EBA2BD9EDB100858AFC /* Rom.swift in Sources */ = {isa = PBXBuildFile; fileRef = E42A9EB32BD9EDB100858AFC /* Rom.swift */; };
		E42A9EC32BD9EDDD00858AFC /* log.swift in Sources */ = {isa = PBXBuildFile; fileRef = E42A9EBC2BD9EDDD00858AFC /* log.swift */; };
		E42A9EC82BD9EDDD00858AFC /* Array+extensions.swift in Sources */ = {isa = PBXBuildFile; fileRef = E42A9EC12BD9EDDD00858AFC /* Array+extensions.swift */; };
		E42A9ECF2BD9EE3B00858AFC /* CPUSpec.swift in Sources */ = {isa = PBXBuildFile; fileRef = E42A9EC92BD9EE3B00858AFC /* CPUSpec.swift */; };
		E42A9ED02BD9EE3B00858AFC /* CPUOpcodes.swift in Sources */ = {isa = PBXBuildFile; fileRef = E42A9ECA2BD9EE3B00858AFC /* CPUOpcodes.swift */; };
		E42A9ED12BD9EE3B00858AFC /* ProgramMock.swift in Sources */ = {isa = PBXBuildFile; fileRef = E42A9ECB2BD9EE3B00858AFC /* ProgramMock.swift */; };
		E42A9ED22BD9EE3B00858AFC /* CPUMock.swift in Sources */ = {isa = PBXBuildFile; fileRef = E42A9ECC2BD9EE3B00858AFC /* CPUMock.swift */; };
		E42A9ED32BD9EE3B00858AFC /* RegisteresSpec.swift in Sources */ = {isa = PBXBuildFile; fileRef = E42A9ECD2BD9EE3B00858AFC /* RegisteresSpec.swift */; };
		E45964382BE48AD200481956 /* nestest_no_clock.log in Resources */ = {isa = PBXBuildFile; fileRef = E45964372BE48AD200481956 /* nestest_no_clock.log */; };
		E459643A2BE48ADC00481956 /* nestest.log in Resources */ = {isa = PBXBuildFile; fileRef = E45964392BE48ADC00481956 /* nestest.log */; };
		E459643C2BE48D4A00481956 /* CPU+Instructions.swift in Sources */ = {isa = PBXBuildFile; fileRef = E459643B2BE48D4A00481956 /* CPU+Instructions.swift */; };
		E459643E2BE48FA700481956 /* NesTest.swift in Sources */ = {isa = PBXBuildFile; fileRef = E459643D2BE48FA700481956 /* NesTest.swift */; };
		E46785A92BEB437B00724044 /* swiftlint in Frameworks */ = {isa = PBXBuildFile; productRef = E46785A82BEB437B00724044 /* swiftlint */; };
		E4810D962BE4BC8D008CFA93 /* nestest.nes in Resources */ = {isa = PBXBuildFile; fileRef = E45964342BE481DE00481956 /* nestest.nes */; };
		E4810D972BE4BC8E008CFA93 /* nestest.nes in Resources */ = {isa = PBXBuildFile; fileRef = E45964342BE481DE00481956 /* nestest.nes */; };
		E4810D982BE4BDEF008CFA93 /* CPUState.swift in Sources */ = {isa = PBXBuildFile; fileRef = E45964352BE4892E00481956 /* CPUState.swift */; };
		E4810D9B2BE71631008CFA93 /* StateBuilder.swift in Sources */ = {isa = PBXBuildFile; fileRef = E4810D9A2BE71631008CFA93 /* StateBuilder.swift */; };
		E4A20B902BDB26F60070509A /* PixelData.swift in Sources */ = {isa = PBXBuildFile; fileRef = E4A20B8F2BDB26F60070509A /* PixelData.swift */; };
		E4E57D612BD9EECB00A2E1A9 /* EmulatorView.swift in Sources */ = {isa = PBXBuildFile; fileRef = E4E57D602BD9EECB00A2E1A9 /* EmulatorView.swift */; };
		E4E57D652BD9F0C500A2E1A9 /* DPadView.swift in Sources */ = {isa = PBXBuildFile; fileRef = E4E57D642BD9F0C500A2E1A9 /* DPadView.swift */; };
/* End PBXBuildFile section */

/* Begin PBXContainerItemProxy section */
		E42A9E902BD9ED8200858AFC /* PBXContainerItemProxy */ = {
			isa = PBXContainerItemProxy;
			containerPortal = E42A9E772BD9ED8100858AFC /* Project object */;
			proxyType = 1;
			remoteGlobalIDString = E42A9E7E2BD9ED8100858AFC;
			remoteInfo = jNES;
		};
/* End PBXContainerItemProxy section */

/* Begin PBXFileReference section */
		7006EF7B2BDF3C0900AF8681 /* RomSpec.swift */ = {isa = PBXFileReference; lastKnownFileType = sourcecode.swift; path = RomSpec.swift; sourceTree = "<group>"; };
		E40749DD2BDB3EFA006DF2EB /* ImageView.swift */ = {isa = PBXFileReference; lastKnownFileType = sourcecode.swift; path = ImageView.swift; sourceTree = "<group>"; };
		E42A9E7F2BD9ED8100858AFC /* jNES.app */ = {isa = PBXFileReference; explicitFileType = wrapper.application; includeInIndex = 0; path = jNES.app; sourceTree = BUILT_PRODUCTS_DIR; };
		E42A9E822BD9ED8100858AFC /* jNESApp.swift */ = {isa = PBXFileReference; lastKnownFileType = sourcecode.swift; path = jNESApp.swift; sourceTree = "<group>"; };
		E42A9E862BD9ED8200858AFC /* Assets.xcassets */ = {isa = PBXFileReference; lastKnownFileType = folder.assetcatalog; path = Assets.xcassets; sourceTree = "<group>"; };
		E42A9E892BD9ED8200858AFC /* Preview Assets.xcassets */ = {isa = PBXFileReference; lastKnownFileType = folder.assetcatalog; path = "Preview Assets.xcassets"; sourceTree = "<group>"; };
		E42A9E8F2BD9ED8200858AFC /* jNESTests.xctest */ = {isa = PBXFileReference; explicitFileType = wrapper.cfbundle; includeInIndex = 0; path = jNESTests.xctest; sourceTree = BUILT_PRODUCTS_DIR; };
		E42A9EAD2BD9EDB100858AFC /* NES.swift */ = {isa = PBXFileReference; fileEncoding = 4; lastKnownFileType = sourcecode.swift; path = NES.swift; sourceTree = "<group>"; };
		E42A9EAE2BD9EDB100858AFC /* Controller.swift */ = {isa = PBXFileReference; fileEncoding = 4; lastKnownFileType = sourcecode.swift; path = Controller.swift; sourceTree = "<group>"; };
		E42A9EAF2BD9EDB100858AFC /* Bus.swift */ = {isa = PBXFileReference; fileEncoding = 4; lastKnownFileType = sourcecode.swift; path = Bus.swift; sourceTree = "<group>"; };
		E42A9EB02BD9EDB100858AFC /* InstructionsTable.swift */ = {isa = PBXFileReference; fileEncoding = 4; lastKnownFileType = sourcecode.swift; path = InstructionsTable.swift; sourceTree = "<group>"; };
		E42A9EB12BD9EDB100858AFC /* Registers.swift */ = {isa = PBXFileReference; fileEncoding = 4; lastKnownFileType = sourcecode.swift; path = Registers.swift; sourceTree = "<group>"; };
		E42A9EB22BD9EDB100858AFC /* CPU.swift */ = {isa = PBXFileReference; fileEncoding = 4; lastKnownFileType = sourcecode.swift; path = CPU.swift; sourceTree = "<group>"; };
		E42A9EB32BD9EDB100858AFC /* Rom.swift */ = {isa = PBXFileReference; fileEncoding = 4; lastKnownFileType = sourcecode.swift; path = Rom.swift; sourceTree = "<group>"; };
		E42A9EBC2BD9EDDD00858AFC /* log.swift */ = {isa = PBXFileReference; fileEncoding = 4; lastKnownFileType = sourcecode.swift; path = log.swift; sourceTree = "<group>"; };
		E42A9EC12BD9EDDD00858AFC /* Array+extensions.swift */ = {isa = PBXFileReference; fileEncoding = 4; lastKnownFileType = sourcecode.swift; path = "Array+extensions.swift"; sourceTree = "<group>"; };
		E42A9EC92BD9EE3B00858AFC /* CPUSpec.swift */ = {isa = PBXFileReference; fileEncoding = 4; lastKnownFileType = sourcecode.swift; path = CPUSpec.swift; sourceTree = "<group>"; };
		E42A9ECA2BD9EE3B00858AFC /* CPUOpcodes.swift */ = {isa = PBXFileReference; fileEncoding = 4; lastKnownFileType = sourcecode.swift; path = CPUOpcodes.swift; sourceTree = "<group>"; };
		E42A9ECB2BD9EE3B00858AFC /* ProgramMock.swift */ = {isa = PBXFileReference; fileEncoding = 4; lastKnownFileType = sourcecode.swift; path = ProgramMock.swift; sourceTree = "<group>"; };
		E42A9ECC2BD9EE3B00858AFC /* CPUMock.swift */ = {isa = PBXFileReference; fileEncoding = 4; lastKnownFileType = sourcecode.swift; path = CPUMock.swift; sourceTree = "<group>"; };
		E42A9ECD2BD9EE3B00858AFC /* RegisteresSpec.swift */ = {isa = PBXFileReference; fileEncoding = 4; lastKnownFileType = sourcecode.swift; path = RegisteresSpec.swift; sourceTree = "<group>"; };
		E45964342BE481DE00481956 /* nestest.nes */ = {isa = PBXFileReference; lastKnownFileType = file; path = nestest.nes; sourceTree = "<group>"; };
		E45964352BE4892E00481956 /* CPUState.swift */ = {isa = PBXFileReference; lastKnownFileType = sourcecode.swift; path = CPUState.swift; sourceTree = "<group>"; };
		E45964372BE48AD200481956 /* nestest_no_clock.log */ = {isa = PBXFileReference; fileEncoding = 4; lastKnownFileType = text; path = nestest_no_clock.log; sourceTree = "<group>"; };
		E45964392BE48ADC00481956 /* nestest.log */ = {isa = PBXFileReference; fileEncoding = 4; lastKnownFileType = text; path = nestest.log; sourceTree = "<group>"; };
		E459643B2BE48D4A00481956 /* CPU+Instructions.swift */ = {isa = PBXFileReference; lastKnownFileType = sourcecode.swift; path = "CPU+Instructions.swift"; sourceTree = "<group>"; };
		E459643D2BE48FA700481956 /* NesTest.swift */ = {isa = PBXFileReference; lastKnownFileType = sourcecode.swift; path = NesTest.swift; sourceTree = "<group>"; };
		E4810D9A2BE71631008CFA93 /* StateBuilder.swift */ = {isa = PBXFileReference; lastKnownFileType = sourcecode.swift; path = StateBuilder.swift; sourceTree = "<group>"; };
		E4A20B8F2BDB26F60070509A /* PixelData.swift */ = {isa = PBXFileReference; lastKnownFileType = sourcecode.swift; path = PixelData.swift; sourceTree = "<group>"; };
		E4E57D602BD9EECB00A2E1A9 /* EmulatorView.swift */ = {isa = PBXFileReference; lastKnownFileType = sourcecode.swift; path = EmulatorView.swift; sourceTree = "<group>"; };
		E4E57D642BD9F0C500A2E1A9 /* DPadView.swift */ = {isa = PBXFileReference; lastKnownFileType = sourcecode.swift; path = DPadView.swift; sourceTree = "<group>"; };
/* End PBXFileReference section */

/* Begin PBXFrameworksBuildPhase section */
		E42A9E7C2BD9ED8100858AFC /* Frameworks */ = {
			isa = PBXFrameworksBuildPhase;
			buildActionMask = 2147483647;
			files = (
				E46785A92BEB437B00724044 /* swiftlint in Frameworks */,
			);
			runOnlyForDeploymentPostprocessing = 0;
		};
		E42A9E8C2BD9ED8200858AFC /* Frameworks */ = {
			isa = PBXFrameworksBuildPhase;
			buildActionMask = 2147483647;
			files = (
			);
			runOnlyForDeploymentPostprocessing = 0;
		};
/* End PBXFrameworksBuildPhase section */

/* Begin PBXGroup section */
		E42A9E762BD9ED8100858AFC = {
			isa = PBXGroup;
			children = (
				E42A9E812BD9ED8100858AFC /* jNES */,
				E42A9E922BD9ED8200858AFC /* jNESTests */,
				E42A9E802BD9ED8100858AFC /* Products */,
			);
			sourceTree = "<group>";
		};
		E42A9E802BD9ED8100858AFC /* Products */ = {
			isa = PBXGroup;
			children = (
				E42A9E7F2BD9ED8100858AFC /* jNES.app */,
				E42A9E8F2BD9ED8200858AFC /* jNESTests.xctest */,
			);
			name = Products;
			sourceTree = "<group>";
		};
		E42A9E812BD9ED8100858AFC /* jNES */ = {
			isa = PBXGroup;
			children = (
				E4A20B982BDB29950070509A /* Emulator */,
				E42A9EAC2BD9EDA500858AFC /* Console */,
				E42A9E862BD9ED8200858AFC /* Assets.xcassets */,
				E42A9E882BD9ED8200858AFC /* Preview Content */,
			);
			path = jNES;
			sourceTree = "<group>";
		};
		E42A9E882BD9ED8200858AFC /* Preview Content */ = {
			isa = PBXGroup;
			children = (
				E42A9E892BD9ED8200858AFC /* Preview Assets.xcassets */,
			);
			path = "Preview Content";
			sourceTree = "<group>";
		};
		E42A9E922BD9ED8200858AFC /* jNESTests */ = {
			isa = PBXGroup;
			children = (
				E4810D992BE4C7D0008CFA93 /* NesTest */,
				E42A9ECA2BD9EE3B00858AFC /* CPUOpcodes.swift */,
				E42A9ECC2BD9EE3B00858AFC /* CPUMock.swift */,
				E42A9EC92BD9EE3B00858AFC /* CPUSpec.swift */,
				E42A9ECB2BD9EE3B00858AFC /* ProgramMock.swift */,
				E42A9ECD2BD9EE3B00858AFC /* RegisteresSpec.swift */,
				7006EF7B2BDF3C0900AF8681 /* RomSpec.swift */,
			);
			path = jNESTests;
			sourceTree = "<group>";
		};
		E42A9EAC2BD9EDA500858AFC /* Console */ = {
			isa = PBXGroup;
			children = (
				E45964352BE4892E00481956 /* CPUState.swift */,
				E42A9EAE2BD9EDB100858AFC /* Controller.swift */,
				E42A9EB22BD9EDB100858AFC /* CPU.swift */,
				E459643B2BE48D4A00481956 /* CPU+Instructions.swift */,
				E42A9EB02BD9EDB100858AFC /* InstructionsTable.swift */,
				E42A9EAF2BD9EDB100858AFC /* Bus.swift */,
				E42A9EAD2BD9EDB100858AFC /* NES.swift */,
				E42A9EB12BD9EDB100858AFC /* Registers.swift */,
				E42A9EB32BD9EDB100858AFC /* Rom.swift */,
				E4810D9A2BE71631008CFA93 /* StateBuilder.swift */,
			);
			path = Console;
			sourceTree = "<group>";
		};
		E4810D992BE4C7D0008CFA93 /* NesTest */ = {
			isa = PBXGroup;
			children = (
				E45964342BE481DE00481956 /* nestest.nes */,
				E45964372BE48AD200481956 /* nestest_no_clock.log */,
				E45964392BE48ADC00481956 /* nestest.log */,
				E459643D2BE48FA700481956 /* NesTest.swift */,
			);
			path = NesTest;
			sourceTree = "<group>";
		};
		E4A20B982BDB29950070509A /* Emulator */ = {
			isa = PBXGroup;
			children = (
				E42A9EC12BD9EDDD00858AFC /* Array+extensions.swift */,
				E42A9EBC2BD9EDDD00858AFC /* log.swift */,
				E4A20B8F2BDB26F60070509A /* PixelData.swift */,
				E4E57D602BD9EECB00A2E1A9 /* EmulatorView.swift */,
				E4E57D642BD9F0C500A2E1A9 /* DPadView.swift */,
				E42A9E822BD9ED8100858AFC /* jNESApp.swift */,
				E40749DD2BDB3EFA006DF2EB /* ImageView.swift */,
			);
			path = Emulator;
			sourceTree = "<group>";
		};
/* End PBXGroup section */

/* Begin PBXNativeTarget section */
		E42A9E7E2BD9ED8100858AFC /* jNES */ = {
			isa = PBXNativeTarget;
			buildConfigurationList = E42A9EA32BD9ED8200858AFC /* Build configuration list for PBXNativeTarget "jNES" */;
			buildPhases = (
				E4EFC97B2BEB45EE009763CD /* ShellScript */,
				E42A9E7B2BD9ED8100858AFC /* Sources */,
				E42A9E7C2BD9ED8100858AFC /* Frameworks */,
				E42A9E7D2BD9ED8100858AFC /* Resources */,
			);
			buildRules = (
			);
			dependencies = (
			);
			name = jNES;
			packageProductDependencies = (
				E46785A82BEB437B00724044 /* swiftlint */,
			);
			productName = jNES;
			productReference = E42A9E7F2BD9ED8100858AFC /* jNES.app */;
			productType = "com.apple.product-type.application";
		};
		E42A9E8E2BD9ED8200858AFC /* jNESTests */ = {
			isa = PBXNativeTarget;
			buildConfigurationList = E42A9EA62BD9ED8200858AFC /* Build configuration list for PBXNativeTarget "jNESTests" */;
			buildPhases = (
				E42A9E8B2BD9ED8200858AFC /* Sources */,
				E42A9E8C2BD9ED8200858AFC /* Frameworks */,
				E42A9E8D2BD9ED8200858AFC /* Resources */,
			);
			buildRules = (
			);
			dependencies = (
				E42A9E912BD9ED8200858AFC /* PBXTargetDependency */,
			);
			name = jNESTests;
			productName = jNESTests;
			productReference = E42A9E8F2BD9ED8200858AFC /* jNESTests.xctest */;
			productType = "com.apple.product-type.bundle.unit-test";
		};
/* End PBXNativeTarget section */

/* Begin PBXProject section */
		E42A9E772BD9ED8100858AFC /* Project object */ = {
			isa = PBXProject;
			attributes = {
				BuildIndependentTargetsInParallel = 1;
				LastSwiftUpdateCheck = 1530;
				LastUpgradeCheck = 1530;
				TargetAttributes = {
					E42A9E7E2BD9ED8100858AFC = {
						CreatedOnToolsVersion = 15.3;
					};
					E42A9E8E2BD9ED8200858AFC = {
						CreatedOnToolsVersion = 15.3;
						TestTargetID = E42A9E7E2BD9ED8100858AFC;
					};
				};
			};
			buildConfigurationList = E42A9E7A2BD9ED8100858AFC /* Build configuration list for PBXProject "jNES" */;
			compatibilityVersion = "Xcode 14.0";
			developmentRegion = en;
			hasScannedForEncodings = 0;
			knownRegions = (
				en,
				Base,
			);
			mainGroup = E42A9E762BD9ED8100858AFC;
			packageReferences = (
				E46785A52BEB437B00724044 /* XCRemoteSwiftPackageReference "SwiftLint" */,
			);
			productRefGroup = E42A9E802BD9ED8100858AFC /* Products */;
			projectDirPath = "";
			projectRoot = "";
			targets = (
				E42A9E7E2BD9ED8100858AFC /* jNES */,
				E42A9E8E2BD9ED8200858AFC /* jNESTests */,
			);
		};
/* End PBXProject section */

/* Begin PBXResourcesBuildPhase section */
		E42A9E7D2BD9ED8100858AFC /* Resources */ = {
			isa = PBXResourcesBuildPhase;
			buildActionMask = 2147483647;
			files = (
				E42A9E8A2BD9ED8200858AFC /* Preview Assets.xcassets in Resources */,
				E42A9E872BD9ED8200858AFC /* Assets.xcassets in Resources */,
				E4810D962BE4BC8D008CFA93 /* nestest.nes in Resources */,
			);
			runOnlyForDeploymentPostprocessing = 0;
		};
		E42A9E8D2BD9ED8200858AFC /* Resources */ = {
			isa = PBXResourcesBuildPhase;
			buildActionMask = 2147483647;
			files = (
				E45964382BE48AD200481956 /* nestest_no_clock.log in Resources */,
				E459643A2BE48ADC00481956 /* nestest.log in Resources */,
				E4810D972BE4BC8E008CFA93 /* nestest.nes in Resources */,
			);
			runOnlyForDeploymentPostprocessing = 0;
		};
/* End PBXResourcesBuildPhase section */

/* Begin PBXShellScriptBuildPhase section */
		E4EFC97B2BEB45EE009763CD /* ShellScript */ = {
			isa = PBXShellScriptBuildPhase;
			alwaysOutOfDate = 1;
			buildActionMask = 2147483647;
			files = (
			);
			inputFileListPaths = (
			);
			inputPaths = (
			);
			outputFileListPaths = (
			);
			outputPaths = (
			);
			runOnlyForDeploymentPostprocessing = 0;
			shellPath = /bin/sh;
			shellScript = "if [[ \"$(uname -m)\" == arm64 ]]; then\n    export PATH=\"/opt/homebrew/bin:$PATH\"\nfi\n\nif which swiftlint > /dev/null; then\n  swiftlint\nelse\n  echo \"warning: SwiftLint not installed, download from https://github.com/realm/SwiftLint\"\nfi\n";
		};
/* End PBXShellScriptBuildPhase section */

/* Begin PBXSourcesBuildPhase section */
		E42A9E7B2BD9ED8100858AFC /* Sources */ = {
			isa = PBXSourcesBuildPhase;
			buildActionMask = 2147483647;
			files = (
				E4E57D612BD9EECB00A2E1A9 /* EmulatorView.swift in Sources */,
				E42A9EC32BD9EDDD00858AFC /* log.swift in Sources */,
				E4810D982BE4BDEF008CFA93 /* CPUState.swift in Sources */,
				E42A9E832BD9ED8100858AFC /* jNESApp.swift in Sources */,
				E4A20B902BDB26F60070509A /* PixelData.swift in Sources */,
				E42A9EB42BD9EDB100858AFC /* NES.swift in Sources */,
				E4E57D652BD9F0C500A2E1A9 /* DPadView.swift in Sources */,
				E42A9EBA2BD9EDB100858AFC /* Rom.swift in Sources */,
				E459643C2BE48D4A00481956 /* CPU+Instructions.swift in Sources */,
				E42A9EB62BD9EDB100858AFC /* Bus.swift in Sources */,
				E42A9EB92BD9EDB100858AFC /* CPU.swift in Sources */,
				E42A9EC82BD9EDDD00858AFC /* Array+extensions.swift in Sources */,
				E42A9EB82BD9EDB100858AFC /* Registers.swift in Sources */,
				E42A9EB72BD9EDB100858AFC /* InstructionsTable.swift in Sources */,
				E40749DE2BDB3EFA006DF2EB /* ImageView.swift in Sources */,
				E42A9EB52BD9EDB100858AFC /* Controller.swift in Sources */,
				E4810D9B2BE71631008CFA93 /* StateBuilder.swift in Sources */,
			);
			runOnlyForDeploymentPostprocessing = 0;
		};
		E42A9E8B2BD9ED8200858AFC /* Sources */ = {
			isa = PBXSourcesBuildPhase;
			buildActionMask = 2147483647;
			files = (
				7006EF7C2BDF3C0900AF8681 /* RomSpec.swift in Sources */,
				E42A9ED22BD9EE3B00858AFC /* CPUMock.swift in Sources */,
				E42A9ECF2BD9EE3B00858AFC /* CPUSpec.swift in Sources */,
				E42A9ED32BD9EE3B00858AFC /* RegisteresSpec.swift in Sources */,
				E42A9ED12BD9EE3B00858AFC /* ProgramMock.swift in Sources */,
				E42A9ED02BD9EE3B00858AFC /* CPUOpcodes.swift in Sources */,
				E459643E2BE48FA700481956 /* NesTest.swift in Sources */,
			);
			runOnlyForDeploymentPostprocessing = 0;
		};
/* End PBXSourcesBuildPhase section */

/* Begin PBXTargetDependency section */
		E42A9E912BD9ED8200858AFC /* PBXTargetDependency */ = {
			isa = PBXTargetDependency;
			target = E42A9E7E2BD9ED8100858AFC /* jNES */;
			targetProxy = E42A9E902BD9ED8200858AFC /* PBXContainerItemProxy */;
		};
/* End PBXTargetDependency section */

/* Begin XCBuildConfiguration section */
		E42A9EA12BD9ED8200858AFC /* Debug */ = {
			isa = XCBuildConfiguration;
			buildSettings = {
				ALWAYS_SEARCH_USER_PATHS = NO;
				ASSETCATALOG_COMPILER_GENERATE_SWIFT_ASSET_SYMBOL_EXTENSIONS = YES;
				CLANG_ANALYZER_NONNULL = YES;
				CLANG_ANALYZER_NUMBER_OBJECT_CONVERSION = YES_AGGRESSIVE;
				CLANG_CXX_LANGUAGE_STANDARD = "gnu++20";
				CLANG_ENABLE_MODULES = YES;
				CLANG_ENABLE_OBJC_ARC = YES;
				CLANG_ENABLE_OBJC_WEAK = YES;
				CLANG_WARN_BLOCK_CAPTURE_AUTORELEASING = YES;
				CLANG_WARN_BOOL_CONVERSION = YES;
				CLANG_WARN_COMMA = YES;
				CLANG_WARN_CONSTANT_CONVERSION = YES;
				CLANG_WARN_DEPRECATED_OBJC_IMPLEMENTATIONS = YES;
				CLANG_WARN_DIRECT_OBJC_ISA_USAGE = YES_ERROR;
				CLANG_WARN_DOCUMENTATION_COMMENTS = YES;
				CLANG_WARN_EMPTY_BODY = YES;
				CLANG_WARN_ENUM_CONVERSION = YES;
				CLANG_WARN_INFINITE_RECURSION = YES;
				CLANG_WARN_INT_CONVERSION = YES;
				CLANG_WARN_NON_LITERAL_NULL_CONVERSION = YES;
				CLANG_WARN_OBJC_IMPLICIT_RETAIN_SELF = YES;
				CLANG_WARN_OBJC_LITERAL_CONVERSION = YES;
				CLANG_WARN_OBJC_ROOT_CLASS = YES_ERROR;
				CLANG_WARN_QUOTED_INCLUDE_IN_FRAMEWORK_HEADER = YES;
				CLANG_WARN_RANGE_LOOP_ANALYSIS = YES;
				CLANG_WARN_STRICT_PROTOTYPES = YES;
				CLANG_WARN_SUSPICIOUS_MOVE = YES;
				CLANG_WARN_UNGUARDED_AVAILABILITY = YES_AGGRESSIVE;
				CLANG_WARN_UNREACHABLE_CODE = YES;
				CLANG_WARN__DUPLICATE_METHOD_MATCH = YES;
				COPY_PHASE_STRIP = NO;
				DEBUG_INFORMATION_FORMAT = dwarf;
				ENABLE_STRICT_OBJC_MSGSEND = YES;
				ENABLE_TESTABILITY = YES;
				ENABLE_USER_SCRIPT_SANDBOXING = NO;
				GCC_C_LANGUAGE_STANDARD = gnu17;
				GCC_DYNAMIC_NO_PIC = NO;
				GCC_NO_COMMON_BLOCKS = YES;
				GCC_OPTIMIZATION_LEVEL = 0;
				GCC_PREPROCESSOR_DEFINITIONS = (
					"DEBUG=1",
					"$(inherited)",
				);
				GCC_WARN_64_TO_32_BIT_CONVERSION = YES;
				GCC_WARN_ABOUT_RETURN_TYPE = YES_ERROR;
				GCC_WARN_UNDECLARED_SELECTOR = YES;
				GCC_WARN_UNINITIALIZED_AUTOS = YES_AGGRESSIVE;
				GCC_WARN_UNUSED_FUNCTION = YES;
				GCC_WARN_UNUSED_VARIABLE = YES;
				IPHONEOS_DEPLOYMENT_TARGET = 17.4;
				LOCALIZATION_PREFERS_STRING_CATALOGS = YES;
				MTL_ENABLE_DEBUG_INFO = INCLUDE_SOURCE;
				MTL_FAST_MATH = YES;
				ONLY_ACTIVE_ARCH = YES;
				SDKROOT = iphoneos;
				SWIFT_ACTIVE_COMPILATION_CONDITIONS = "DEBUG $(inherited)";
				SWIFT_OPTIMIZATION_LEVEL = "-Onone";
			};
			name = Debug;
		};
		E42A9EA22BD9ED8200858AFC /* Release */ = {
			isa = XCBuildConfiguration;
			buildSettings = {
				ALWAYS_SEARCH_USER_PATHS = NO;
				ASSETCATALOG_COMPILER_GENERATE_SWIFT_ASSET_SYMBOL_EXTENSIONS = YES;
				CLANG_ANALYZER_NONNULL = YES;
				CLANG_ANALYZER_NUMBER_OBJECT_CONVERSION = YES_AGGRESSIVE;
				CLANG_CXX_LANGUAGE_STANDARD = "gnu++20";
				CLANG_ENABLE_MODULES = YES;
				CLANG_ENABLE_OBJC_ARC = YES;
				CLANG_ENABLE_OBJC_WEAK = YES;
				CLANG_WARN_BLOCK_CAPTURE_AUTORELEASING = YES;
				CLANG_WARN_BOOL_CONVERSION = YES;
				CLANG_WARN_COMMA = YES;
				CLANG_WARN_CONSTANT_CONVERSION = YES;
				CLANG_WARN_DEPRECATED_OBJC_IMPLEMENTATIONS = YES;
				CLANG_WARN_DIRECT_OBJC_ISA_USAGE = YES_ERROR;
				CLANG_WARN_DOCUMENTATION_COMMENTS = YES;
				CLANG_WARN_EMPTY_BODY = YES;
				CLANG_WARN_ENUM_CONVERSION = YES;
				CLANG_WARN_INFINITE_RECURSION = YES;
				CLANG_WARN_INT_CONVERSION = YES;
				CLANG_WARN_NON_LITERAL_NULL_CONVERSION = YES;
				CLANG_WARN_OBJC_IMPLICIT_RETAIN_SELF = YES;
				CLANG_WARN_OBJC_LITERAL_CONVERSION = YES;
				CLANG_WARN_OBJC_ROOT_CLASS = YES_ERROR;
				CLANG_WARN_QUOTED_INCLUDE_IN_FRAMEWORK_HEADER = YES;
				CLANG_WARN_RANGE_LOOP_ANALYSIS = YES;
				CLANG_WARN_STRICT_PROTOTYPES = YES;
				CLANG_WARN_SUSPICIOUS_MOVE = YES;
				CLANG_WARN_UNGUARDED_AVAILABILITY = YES_AGGRESSIVE;
				CLANG_WARN_UNREACHABLE_CODE = YES;
				CLANG_WARN__DUPLICATE_METHOD_MATCH = YES;
				COPY_PHASE_STRIP = NO;
				DEBUG_INFORMATION_FORMAT = "dwarf-with-dsym";
				ENABLE_NS_ASSERTIONS = NO;
				ENABLE_STRICT_OBJC_MSGSEND = YES;
				ENABLE_USER_SCRIPT_SANDBOXING = NO;
				GCC_C_LANGUAGE_STANDARD = gnu17;
				GCC_NO_COMMON_BLOCKS = YES;
				GCC_WARN_64_TO_32_BIT_CONVERSION = YES;
				GCC_WARN_ABOUT_RETURN_TYPE = YES_ERROR;
				GCC_WARN_UNDECLARED_SELECTOR = YES;
				GCC_WARN_UNINITIALIZED_AUTOS = YES_AGGRESSIVE;
				GCC_WARN_UNUSED_FUNCTION = YES;
				GCC_WARN_UNUSED_VARIABLE = YES;
				IPHONEOS_DEPLOYMENT_TARGET = 17.4;
				LOCALIZATION_PREFERS_STRING_CATALOGS = YES;
				MTL_ENABLE_DEBUG_INFO = NO;
				MTL_FAST_MATH = YES;
				SDKROOT = iphoneos;
				SWIFT_COMPILATION_MODE = wholemodule;
				VALIDATE_PRODUCT = YES;
			};
			name = Release;
		};
		E42A9EA42BD9ED8200858AFC /* Debug */ = {
			isa = XCBuildConfiguration;
			buildSettings = {
				ASSETCATALOG_COMPILER_APPICON_NAME = AppIcon;
				ASSETCATALOG_COMPILER_GLOBAL_ACCENT_COLOR_NAME = AccentColor;
				CODE_SIGN_STYLE = Automatic;
				CURRENT_PROJECT_VERSION = 1;
				DEVELOPMENT_ASSET_PATHS = "\"jNES/Preview Content\"";
				DEVELOPMENT_TEAM = J2VZJQ63FQ;
				ENABLE_PREVIEWS = YES;
				GENERATE_INFOPLIST_FILE = YES;
				INFOPLIST_KEY_UIApplicationSceneManifest_Generation = YES;
				INFOPLIST_KEY_UIApplicationSupportsIndirectInputEvents = YES;
				INFOPLIST_KEY_UILaunchScreen_Generation = YES;
				INFOPLIST_KEY_UISupportedInterfaceOrientations_iPad = "UIInterfaceOrientationPortrait UIInterfaceOrientationPortraitUpsideDown UIInterfaceOrientationLandscapeLeft UIInterfaceOrientationLandscapeRight";
				INFOPLIST_KEY_UISupportedInterfaceOrientations_iPhone = "UIInterfaceOrientationPortrait UIInterfaceOrientationLandscapeLeft UIInterfaceOrientationLandscapeRight";
				LD_RUNPATH_SEARCH_PATHS = (
					"$(inherited)",
					"@executable_path/Frameworks",
				);
				MARKETING_VERSION = 1.0;
				PRODUCT_BUNDLE_IDENTIFIER = mobi.jamie.jNES;
				PRODUCT_NAME = "$(TARGET_NAME)";
				SUPPORTED_PLATFORMS = "iphoneos iphonesimulator macosx";
				SUPPORTS_MACCATALYST = NO;
				SUPPORTS_MAC_DESIGNED_FOR_IPHONE_IPAD = NO;
				SUPPORTS_XR_DESIGNED_FOR_IPHONE_IPAD = NO;
				SWIFT_EMIT_LOC_STRINGS = YES;
				SWIFT_VERSION = 5.0;
				TARGETED_DEVICE_FAMILY = 1;
			};
			name = Debug;
		};
		E42A9EA52BD9ED8200858AFC /* Release */ = {
			isa = XCBuildConfiguration;
			buildSettings = {
				ASSETCATALOG_COMPILER_APPICON_NAME = AppIcon;
				ASSETCATALOG_COMPILER_GLOBAL_ACCENT_COLOR_NAME = AccentColor;
				CODE_SIGN_STYLE = Automatic;
				CURRENT_PROJECT_VERSION = 1;
				DEVELOPMENT_ASSET_PATHS = "\"jNES/Preview Content\"";
				DEVELOPMENT_TEAM = J2VZJQ63FQ;
				ENABLE_PREVIEWS = YES;
				GENERATE_INFOPLIST_FILE = YES;
				INFOPLIST_KEY_UIApplicationSceneManifest_Generation = YES;
				INFOPLIST_KEY_UIApplicationSupportsIndirectInputEvents = YES;
				INFOPLIST_KEY_UILaunchScreen_Generation = YES;
				INFOPLIST_KEY_UISupportedInterfaceOrientations_iPad = "UIInterfaceOrientationPortrait UIInterfaceOrientationPortraitUpsideDown UIInterfaceOrientationLandscapeLeft UIInterfaceOrientationLandscapeRight";
				INFOPLIST_KEY_UISupportedInterfaceOrientations_iPhone = "UIInterfaceOrientationPortrait UIInterfaceOrientationLandscapeLeft UIInterfaceOrientationLandscapeRight";
				LD_RUNPATH_SEARCH_PATHS = (
					"$(inherited)",
					"@executable_path/Frameworks",
				);
				MARKETING_VERSION = 1.0;
				PRODUCT_BUNDLE_IDENTIFIER = mobi.jamie.jNES;
				PRODUCT_NAME = "$(TARGET_NAME)";
				SUPPORTED_PLATFORMS = "iphoneos iphonesimulator macosx";
				SUPPORTS_MACCATALYST = NO;
				SUPPORTS_MAC_DESIGNED_FOR_IPHONE_IPAD = NO;
				SUPPORTS_XR_DESIGNED_FOR_IPHONE_IPAD = NO;
				SWIFT_EMIT_LOC_STRINGS = YES;
				SWIFT_VERSION = 5.0;
				TARGETED_DEVICE_FAMILY = 1;
			};
			name = Release;
		};
		E42A9EA72BD9ED8200858AFC /* Debug */ = {
			isa = XCBuildConfiguration;
			buildSettings = {
				ALWAYS_EMBED_SWIFT_STANDARD_LIBRARIES = YES;
				BUNDLE_LOADER = "$(TEST_HOST)";
				CODE_SIGN_STYLE = Automatic;
				CURRENT_PROJECT_VERSION = 1;
				DEVELOPMENT_TEAM = J2VZJQ63FQ;
				GENERATE_INFOPLIST_FILE = YES;
				IPHONEOS_DEPLOYMENT_TARGET = 17.4;
				MARKETING_VERSION = 1.0;
				PRODUCT_BUNDLE_IDENTIFIER = mobi.jamie.jNESTests;
				PRODUCT_NAME = "$(TARGET_NAME)";
				SUPPORTED_PLATFORMS = "iphoneos iphonesimulator macosx";
				SUPPORTS_MACCATALYST = NO;
				SUPPORTS_MAC_DESIGNED_FOR_IPHONE_IPAD = NO;
				SUPPORTS_XR_DESIGNED_FOR_IPHONE_IPAD = NO;
				SWIFT_EMIT_LOC_STRINGS = NO;
				SWIFT_VERSION = 5.0;
				TARGETED_DEVICE_FAMILY = 1;
				TEST_HOST = "$(BUILT_PRODUCTS_DIR)/jNES.app/$(BUNDLE_EXECUTABLE_FOLDER_PATH)/jNES";
			};
			name = Debug;
		};
		E42A9EA82BD9ED8200858AFC /* Release */ = {
			isa = XCBuildConfiguration;
			buildSettings = {
				ALWAYS_EMBED_SWIFT_STANDARD_LIBRARIES = YES;
				BUNDLE_LOADER = "$(TEST_HOST)";
				CODE_SIGN_STYLE = Automatic;
				CURRENT_PROJECT_VERSION = 1;
				DEVELOPMENT_TEAM = J2VZJQ63FQ;
				GENERATE_INFOPLIST_FILE = YES;
				IPHONEOS_DEPLOYMENT_TARGET = 17.4;
				MARKETING_VERSION = 1.0;
				PRODUCT_BUNDLE_IDENTIFIER = mobi.jamie.jNESTests;
				PRODUCT_NAME = "$(TARGET_NAME)";
				SUPPORTED_PLATFORMS = "iphoneos iphonesimulator macosx";
				SUPPORTS_MACCATALYST = NO;
				SUPPORTS_MAC_DESIGNED_FOR_IPHONE_IPAD = NO;
				SUPPORTS_XR_DESIGNED_FOR_IPHONE_IPAD = NO;
				SWIFT_EMIT_LOC_STRINGS = NO;
				SWIFT_VERSION = 5.0;
				TARGETED_DEVICE_FAMILY = 1;
				TEST_HOST = "$(BUILT_PRODUCTS_DIR)/jNES.app/$(BUNDLE_EXECUTABLE_FOLDER_PATH)/jNES";
			};
			name = Release;
		};
/* End XCBuildConfiguration section */

/* Begin XCConfigurationList section */
		E42A9E7A2BD9ED8100858AFC /* Build configuration list for PBXProject "jNES" */ = {
			isa = XCConfigurationList;
			buildConfigurations = (
				E42A9EA12BD9ED8200858AFC /* Debug */,
				E42A9EA22BD9ED8200858AFC /* Release */,
			);
			defaultConfigurationIsVisible = 0;
			defaultConfigurationName = Release;
		};
		E42A9EA32BD9ED8200858AFC /* Build configuration list for PBXNativeTarget "jNES" */ = {
			isa = XCConfigurationList;
			buildConfigurations = (
				E42A9EA42BD9ED8200858AFC /* Debug */,
				E42A9EA52BD9ED8200858AFC /* Release */,
			);
			defaultConfigurationIsVisible = 0;
			defaultConfigurationName = Release;
		};
		E42A9EA62BD9ED8200858AFC /* Build configuration list for PBXNativeTarget "jNESTests" */ = {
			isa = XCConfigurationList;
			buildConfigurations = (
				E42A9EA72BD9ED8200858AFC /* Debug */,
				E42A9EA82BD9ED8200858AFC /* Release */,
			);
			defaultConfigurationIsVisible = 0;
			defaultConfigurationName = Release;
		};
/* End XCConfigurationList section */

/* Begin XCRemoteSwiftPackageReference section */
		E46785A52BEB437B00724044 /* XCRemoteSwiftPackageReference "SwiftLint" */ = {
			isa = XCRemoteSwiftPackageReference;
			repositoryURL = "https://github.com/realm/SwiftLint.git";
			requirement = {
				kind = upToNextMajorVersion;
				minimumVersion = 0.54.0;
			};
		};
/* End XCRemoteSwiftPackageReference section */

/* Begin XCSwiftPackageProductDependency section */
		E46785A82BEB437B00724044 /* swiftlint */ = {
			isa = XCSwiftPackageProductDependency;
			package = E46785A52BEB437B00724044 /* XCRemoteSwiftPackageReference "SwiftLint" */;
			productName = swiftlint;
		};
/* End XCSwiftPackageProductDependency section */
	};
	rootObject = E42A9E772BD9ED8100858AFC /* Project object */;
}
